<?xml version="1.0" encoding="UTF-8" standalone="yes" ?>
<CodeBlocks_project_file>
	<FileVersion major="1" minor="6" />
	<Project>
		<Option title="LodeRunner12" />
		<Option pch_mode="2" />
		<Option compiler="gcc" />
		<Build>
			<Target title="default">
				<Option output="LodeRunner12" prefix_auto="1" extension_auto="1" />
				<Option type="1" />
				<Option compiler="gcc" />
			</Target>
		</Build>
		<Linker>
			<Add library="bgi" />
			<Add library="gdi32" />
			<Add library="comdlg32" />
			<Add library="uuid" />
			<Add library="oleaut32" />
			<Add library="ole32" />
		</Linker>
		<Unit filename="CPP/Imaniar_S_F.cpp" />
		<Unit filename="CPP/Luthfi_A.cpp" />
		<Unit filename="CPP/Rendi_K_A.cpp" />
		<Unit filename="CPP/Rezky_W_S.cpp" />
		<Unit filename="CPP/Satria_N_B.cpp" />
		<Unit filename="Header/Imaniar_S_F.h" />
		<Unit filename="Header/Luthfi_A.h" />
		<Unit filename="Header/Rendi_K_A.h" />
		<Unit filename="Header/Rezky_W_S.h" />
		<Unit filename="Header/Satria_N_B.h" />
		<Unit filename="main.cpp" />
		<Extensions>
			<code_completion />
			<envvars />
			<debugger />
		</Extensions>
	</Project>
</CodeBlocks_project_file>
